{
  "requires": true,
  "lockfileVersion": 1,
  "dependencies": {
    "@google/markerclustererplus": {
      "version": "3.0.1",
      "resolved": "https://registry.npmjs.org/@google/markerclustererplus/-/markerclustererplus-3.0.1.tgz",
      "integrity": "sha512-yjOJKw7KeJSxeuXtRj/S6FnMUfh6H6w4BjXtNhI17EPZcKl6L3vXbZwB5PkV8+hx4seP86q4QW9Ohx+rUX5jYA=="
    },
    "googlemaps-v3-utility-library-latest": {
      "version": "1.0.1",
      "resolved": "https://registry.npmjs.org/googlemaps-v3-utility-library-latest/-/googlemaps-v3-utility-library-latest-1.0.1.tgz",
      "integrity": "sha512-Fh3mj2wtqcS6UeMlYv6BGlzBNAcPkfAWP6aRjo1rg6YeOya/w42thDKC/99AV2Ln3aKUPqmG/NYYY728DpCXnA=="
    }
  }
}
